
Microsoft Visual Studio Solution File, Format Version 12.00
# Visual Studio 15
VisualStudioVersion = 15.0.26430.16
MinimumVisualStudioVersion = 10.0.40219.1
Project("{D954291E-2A0B-460D-934E-DC6B0785DB48}") = "EditorViewFramework", "EditorViewFramework\EditorViewFramework.shproj", "{640120F9-895F-4D4A-A01D-E8D1BFDEE286}"
EndProject
Global
	GlobalSection(SharedMSBuildProjectFiles) = preSolution
		EditorViewFramework\EditorViewFramework.projitems*{640120f9-895f-4d4a-a01d-e8d1bfdee286}*SharedItemsImports = 13
	EndGlobalSection
	GlobalSection(SolutionProperties) = preSolution
		HideSolutionNode = FALSE
	EndGlobalSection
EndGlobal
