
Microsoft Visual Studio Solution File, Format Version 12.00
# Visual Studio 15
VisualStudioVersion = 15.0.27130.2036
MinimumVisualStudioVersion = 10.0.40219.1
Project("{FAE04EC0-301F-11D3-BF4B-00C04F79EFBC}") = "EditorViewFramework", "EditorViewFramework\EditorViewFramework.csproj", "{4CD7223D-0301-47F7-8FA9-4ED44F78557C}"
EndProject
Project("{FAE04EC0-301F-11D3-BF4B-00C04F79EFBC}") = "EditorViewFramework.TypeControlls", "EditorViewFramework.TypeControlls\EditorViewFramework.TypeControlls.csproj", "{8CDB7C6C-A9C9-4CC2-B87D-91332A1BFBA2}"
EndProject
Global
	GlobalSection(SolutionConfigurationPlatforms) = preSolution
		Debug|Any CPU = Debug|Any CPU
		Release|Any CPU = Release|Any CPU
	EndGlobalSection
	GlobalSection(ProjectConfigurationPlatforms) = postSolution
		{4CD7223D-0301-47F7-8FA9-4ED44F78557C}.Debug|Any CPU.ActiveCfg = Debug|Any CPU
		{4CD7223D-0301-47F7-8FA9-4ED44F78557C}.Debug|Any CPU.Build.0 = Debug|Any CPU
		{4CD7223D-0301-47F7-8FA9-4ED44F78557C}.Release|Any CPU.ActiveCfg = Release|Any CPU
		{4CD7223D-0301-47F7-8FA9-4ED44F78557C}.Release|Any CPU.Build.0 = Release|Any CPU
		{8CDB7C6C-A9C9-4CC2-B87D-91332A1BFBA2}.Debug|Any CPU.ActiveCfg = Debug|Any CPU
		{8CDB7C6C-A9C9-4CC2-B87D-91332A1BFBA2}.Debug|Any CPU.Build.0 = Debug|Any CPU
		{8CDB7C6C-A9C9-4CC2-B87D-91332A1BFBA2}.Release|Any CPU.ActiveCfg = Release|Any CPU
		{8CDB7C6C-A9C9-4CC2-B87D-91332A1BFBA2}.Release|Any CPU.Build.0 = Release|Any CPU
	EndGlobalSection
	GlobalSection(SolutionProperties) = preSolution
		HideSolutionNode = FALSE
	EndGlobalSection
	GlobalSection(ExtensibilityGlobals) = postSolution
		SolutionGuid = {ABDCE0CA-F5A0-410D-BBE9-0FA6A4003079}
	EndGlobalSection
EndGlobal
